// !$*UTF8*$!
{
	archiveVersion = 1;
	classes = {
	};
	objectVersion = 55;
	objects = {

/* Begin PBXBuildFile section */
		4277F7FB27BBEF72003DD1DD /* AppDelegate.swift in Sources */ = {isa = PBXBuildFile; fileRef = 4277F7FA27BBEF72003DD1DD /* AppDelegate.swift */; };
		4277F7FD27BBEF72003DD1DD /* SceneDelegate.swift in Sources */ = {isa = PBXBuildFile; fileRef = 4277F7FC27BBEF72003DD1DD /* SceneDelegate.swift */; };
		4277F7FF27BBEF72003DD1DD /* ViewController.swift in Sources */ = {isa = PBXBuildFile; fileRef = 4277F7FE27BBEF72003DD1DD /* ViewController.swift */; };
		4277F80227BBEF72003DD1DD /* Main.storyboard in Resources */ = {isa = PBXBuildFile; fileRef = 4277F80027BBEF72003DD1DD /* Main.storyboard */; };
		4277F80427BBEF73003DD1DD /* Assets.xcassets in Resources */ = {isa = PBXBuildFile; fileRef = 4277F80327BBEF73003DD1DD /* Assets.xcassets */; };
		4277F80727BBEF73003DD1DD /* LaunchScreen.storyboard in Resources */ = {isa = PBXBuildFile; fileRef = 4277F80527BBEF73003DD1DD /* LaunchScreen.storyboard */; };
		4277F81227BBEF73003DD1DD /* Digital_SignatureTests.swift in Sources */ = {isa = PBXBuildFile; fileRef = 4277F81127BBEF73003DD1DD /* Digital_SignatureTests.swift */; };
		4277F81C27BBEF73003DD1DD /* Digital_SignatureUITests.swift in Sources */ = {isa = PBXBuildFile; fileRef = 4277F81B27BBEF73003DD1DD /* Digital_SignatureUITests.swift */; };
		4277F81E27BBEF73003DD1DD /* Digital_SignatureUITestsLaunchTests.swift in Sources */ = {isa = PBXBuildFile; fileRef = 4277F81D27BBEF73003DD1DD /* Digital_SignatureUITestsLaunchTests.swift */; };
/* End PBXBuildFile section */

/* Begin PBXContainerItemProxy section */
		4277F80E27BBEF73003DD1DD /* PBXContainerItemProxy */ = {
			isa = PBXContainerItemProxy;
			containerPortal = 4277F7EF27BBEF72003DD1DD /* Project object */;
			proxyType = 1;
			remoteGlobalIDString = 4277F7F627BBEF72003DD1DD;
			remoteInfo = "Digital Signature";
		};
		4277F81827BBEF73003DD1DD /* PBXContainerItemProxy */ = {
			isa = PBXContainerItemProxy;
			containerPortal = 4277F7EF27BBEF72003DD1DD /* Project object */;
			proxyType = 1;
			remoteGlobalIDString = 4277F7F627BBEF72003DD1DD;
			remoteInfo = "Digital Signature";
		};
/* End PBXContainerItemProxy section */

/* Begin PBXFileReference section */
		4277F7F727BBEF72003DD1DD /* Digital Signature.app */ = {isa = PBXFileReference; explicitFileType = wrapper.application; includeInIndex = 0; path = "Digital Signature.app"; sourceTree = BUILT_PRODUCTS_DIR; };
		4277F7FA27BBEF72003DD1DD /* AppDelegate.swift */ = {isa = PBXFileReference; lastKnownFileType = sourcecode.swift; path = AppDelegate.swift; sourceTree = "<group>"; };
		4277F7FC27BBEF72003DD1DD /* SceneDelegate.swift */ = {isa = PBXFileReference; lastKnownFileType = sourcecode.swift; path = SceneDelegate.swift; sourceTree = "<group>"; };
		4277F7FE27BBEF72003DD1DD /* ViewController.swift */ = {isa = PBXFileReference; lastKnownFileType = sourcecode.swift; path = ViewController.swift; sourceTree = "<group>"; };
		4277F80127BBEF72003DD1DD /* Base */ = {isa = PBXFileReference; lastKnownFileType = file.storyboard; name = Base; path = Base.lproj/Main.storyboard; sourceTree = "<group>"; };
		4277F80327BBEF73003DD1DD /* Assets.xcassets */ = {isa = PBXFileReference; lastKnownFileType = folder.assetcatalog; path = Assets.xcassets; sourceTree = "<group>"; };
		4277F80627BBEF73003DD1DD /* Base */ = {isa = PBXFileReference; lastKnownFileType = file.storyboard; name = Base; path = Base.lproj/LaunchScreen.storyboard; sourceTree = "<group>"; };
		4277F80827BBEF73003DD1DD /* Info.plist */ = {isa = PBXFileReference; lastKnownFileType = text.plist.xml; path = Info.plist; sourceTree = "<group>"; };
		4277F80D27BBEF73003DD1DD /* Digital SignatureTests.xctest */ = {isa = PBXFileReference; explicitFileType = wrapper.cfbundle; includeInIndex = 0; path = "Digital SignatureTests.xctest"; sourceTree = BUILT_PRODUCTS_DIR; };
		4277F81127BBEF73003DD1DD /* Digital_SignatureTests.swift */ = {isa = PBXFileReference; lastKnownFileType = sourcecode.swift; path = Digital_SignatureTests.swift; sourceTree = "<group>"; };
		4277F81727BBEF73003DD1DD /* Digital SignatureUITests.xctest */ = {isa = PBXFileReference; explicitFileType = wrapper.cfbundle; includeInIndex = 0; path = "Digital SignatureUITests.xctest"; sourceTree = BUILT_PRODUCTS_DIR; };
		4277F81B27BBEF73003DD1DD /* Digital_SignatureUITests.swift */ = {isa = PBXFileReference; lastKnownFileType = sourcecode.swift; path = Digital_SignatureUITests.swift; sourceTree = "<group>"; };
		4277F81D27BBEF73003DD1DD /* Digital_SignatureUITestsLaunchTests.swift */ = {isa = PBXFileReference; lastKnownFileType = sourcecode.swift; path = Digital_SignatureUITestsLaunchTests.swift; sourceTree = "<group>"; };
/* End PBXFileReference section */

/* Begin PBXFrameworksBuildPhase section */
		4277F7F427BBEF72003DD1DD /* Frameworks */ = {
			isa = PBXFrameworksBuildPhase;
			buildActionMask = 2147483647;
			files = (
			);
			runOnlyForDeploymentPostprocessing = 0;
		};
		4277F80A27BBEF73003DD1DD /* Frameworks */ = {
			isa = PBXFrameworksBuildPhase;
			buildActionMask = 2147483647;
			files = (
			);
			runOnlyForDeploymentPostprocessing = 0;
		};
		4277F81427BBEF73003DD1DD /* Frameworks */ = {
			isa = PBXFrameworksBuildPhase;
			buildActionMask = 2147483647;
			files = (
			);
			runOnlyForDeploymentPostprocessing = 0;
		};
/* End PBXFrameworksBuildPhase section */

/* Begin PBXGroup section */
		4277F7EE27BBEF72003DD1DD = {
			isa = PBXGroup;
			children = (
				4277F7F927BBEF72003DD1DD /* Digital Signature */,
				4277F81027BBEF73003DD1DD /* Digital SignatureTests */,
				4277F81A27BBEF73003DD1DD /* Digital SignatureUITests */,
				4277F7F827BBEF72003DD1DD /* Products */,
			);
			sourceTree = "<group>";
		};
		4277F7F827BBEF72003DD1DD /* Products */ = {
			isa = PBXGroup;
			children = (
				4277F7F727BBEF72003DD1DD /* Digital Signature.app */,
				4277F80D27BBEF73003DD1DD /* Digital SignatureTests.xctest */,
				4277F81727BBEF73003DD1DD /* Digital SignatureUITests.xctest */,
			);
			name = Products;
			sourceTree = "<group>";
		};
		4277F7F927BBEF72003DD1DD /* Digital Signature */ = {
			isa = PBXGroup;
			children = (
				4277F7FA27BBEF72003DD1DD /* AppDelegate.swift */,
				4277F7FC27BBEF72003DD1DD /* SceneDelegate.swift */,
				4277F7FE27BBEF72003DD1DD /* ViewController.swift */,
				4277F80027BBEF72003DD1DD /* Main.storyboard */,
				4277F80327BBEF73003DD1DD /* Assets.xcassets */,
				4277F80527BBEF73003DD1DD /* LaunchScreen.storyboard */,
				4277F80827BBEF73003DD1DD /* Info.plist */,
			);
			path = "Digital Signature";
			sourceTree = "<group>";
		};
		4277F81027BBEF73003DD1DD /* Digital SignatureTests */ = {
			isa = PBXGroup;
			children = (
				4277F81127BBEF73003DD1DD /* Digital_SignatureTests.swift */,
			);
			path = "Digital SignatureTests";
			sourceTree = "<group>";
		};
		4277F81A27BBEF73003DD1DD /* Digital SignatureUITests */ = {
			isa = PBXGroup;
			children = (
				4277F81B27BBEF73003DD1DD /* Digital_SignatureUITests.swift */,
				4277F81D27BBEF73003DD1DD /* Digital_SignatureUITestsLaunchTests.swift */,
			);
			path = "Digital SignatureUITests";
			sourceTree = "<group>";
		};
/* End PBXGroup section */

/* Begin PBXNativeTarget section */
		4277F7F627BBEF72003DD1DD /* Digital Signature */ = {
			isa = PBXNativeTarget;
			buildConfigurationList = 4277F82127BBEF73003DD1DD /* Build configuration list for PBXNativeTarget "Digital Signature" */;
			buildPhases = (
				4277F7F327BBEF72003DD1DD /* Sources */,
				4277F7F427BBEF72003DD1DD /* Frameworks */,
				4277F7F527BBEF72003DD1DD /* Resources */,
			);
			buildRules = (
			);
			dependencies = (
			);
			name = "Digital Signature";
			productName = "Digital Signature";
			productReference = 4277F7F727BBEF72003DD1DD /* Digital Signature.app */;
			productType = "com.apple.product-type.application";
		};
		4277F80C27BBEF73003DD1DD /* Digital SignatureTests */ = {
			isa = PBXNativeTarget;
			buildConfigurationList = 4277F82427BBEF73003DD1DD /* Build configuration list for PBXNativeTarget "Digital SignatureTests" */;
			buildPhases = (
				4277F80927BBEF73003DD1DD /* Sources */,
				4277F80A27BBEF73003DD1DD /* Frameworks */,
				4277F80B27BBEF73003DD1DD /* Resources */,
			);
			buildRules = (
			);
			dependencies = (
				4277F80F27BBEF73003DD1DD /* PBXTargetDependency */,
			);
			name = "Digital SignatureTests";
			productName = "Digital SignatureTests";
			productReference = 4277F80D27BBEF73003DD1DD /* Digital SignatureTests.xctest */;
			productType = "com.apple.product-type.bundle.unit-test";
		};
		4277F81627BBEF73003DD1DD /* Digital SignatureUITests */ = {
			isa = PBXNativeTarget;
			buildConfigurationList = 4277F82727BBEF73003DD1DD /* Build configuration list for PBXNativeTarget "Digital SignatureUITests" */;
			buildPhases = (
				4277F81327BBEF73003DD1DD /* Sources */,
				4277F81427BBEF73003DD1DD /* Frameworks */,
				4277F81527BBEF73003DD1DD /* Resources */,
			);
			buildRules = (
			);
			dependencies = (
				4277F81927BBEF73003DD1DD /* PBXTargetDependency */,
			);
			name = "Digital SignatureUITests";
			productName = "Digital SignatureUITests";
			productReference = 4277F81727BBEF73003DD1DD /* Digital SignatureUITests.xctest */;
			productType = "com.apple.product-type.bundle.ui-testing";
		};
/* End PBXNativeTarget section */

/* Begin PBXProject section */
		4277F7EF27BBEF72003DD1DD /* Project object */ = {
			isa = PBXProject;
			attributes = {
				BuildIndependentTargetsInParallel = 1;
				LastSwiftUpdateCheck = 1310;
				LastUpgradeCheck = 1310;
				TargetAttributes = {
					4277F7F627BBEF72003DD1DD = {
						CreatedOnToolsVersion = 13.1;
					};
					4277F80C27BBEF73003DD1DD = {
						CreatedOnToolsVersion = 13.1;
						TestTargetID = 4277F7F627BBEF72003DD1DD;
					};
					4277F81627BBEF73003DD1DD = {
						CreatedOnToolsVersion = 13.1;
						TestTargetID = 4277F7F627BBEF72003DD1DD;
					};
				};
			};
			buildConfigurationList = 4277F7F227BBEF72003DD1DD /* Build configuration list for PBXProject "Digital Signature" */;
			compatibilityVersion = "Xcode 13.0";
			developmentRegion = en;
			hasScannedForEncodings = 0;
			knownRegions = (
				en,
				Base,
			);
			mainGroup = 4277F7EE27BBEF72003DD1DD;
			productRefGroup = 4277F7F827BBEF72003DD1DD /* Products */;
			projectDirPath = "";
			projectRoot = "";
			targets = (
				4277F7F627BBEF72003DD1DD /* Digital Signature */,
				4277F80C27BBEF73003DD1DD /* Digital SignatureTests */,
				4277F81627BBEF73003DD1DD /* Digital SignatureUITests */,
			);
		};
/* End PBXProject section */

/* Begin PBXResourcesBuildPhase section */
		4277F7F527BBEF72003DD1DD /* Resources */ = {
			isa = PBXResourcesBuildPhase;
			buildActionMask = 2147483647;
			files = (
				4277F80727BBEF73003DD1DD /* LaunchScreen.storyboard in Resources */,
				4277F80427BBEF73003DD1DD /* Assets.xcassets in Resources */,
				4277F80227BBEF72003DD1DD /* Main.storyboard in Resources */,
			);
			runOnlyForDeploymentPostprocessing = 0;
		};
		4277F80B27BBEF73003DD1DD /* Resources */ = {
			isa = PBXResourcesBuildPhase;
			buildActionMask = 2147483647;
			files = (
			);
			runOnlyForDeploymentPostprocessing = 0;
		};
		4277F81527BBEF73003DD1DD /* Resources */ = {
			isa = PBXResourcesBuildPhase;
			buildActionMask = 2147483647;
			files = (
			);
			runOnlyForDeploymentPostprocessing = 0;
		};
/* End PBXResourcesBuildPhase section */

/* Begin PBXSourcesBuildPhase section */
		4277F7F327BBEF72003DD1DD /* Sources */ = {
			isa = PBXSourcesBuildPhase;
			buildActionMask = 2147483647;
			files = (
				4277F7FF27BBEF72003DD1DD /* ViewController.swift in Sources */,
				4277F7FB27BBEF72003DD1DD /* AppDelegate.swift in Sources */,
				4277F7FD27BBEF72003DD1DD /* SceneDelegate.swift in Sources */,
			);
			runOnlyForDeploymentPostprocessing = 0;
		};
		4277F80927BBEF73003DD1DD /* Sources */ = {
			isa = PBXSourcesBuildPhase;
			buildActionMask = 2147483647;
			files = (
				4277F81227BBEF73003DD1DD /* Digital_SignatureTests.swift in Sources */,
			);
			runOnlyForDeploymentPostprocessing = 0;
		};
		4277F81327BBEF73003DD1DD /* Sources */ = {
			isa = PBXSourcesBuildPhase;
			buildActionMask = 2147483647;
			files = (
				4277F81E27BBEF73003DD1DD /* Digital_SignatureUITestsLaunchTests.swift in Sources */,
				4277F81C27BBEF73003DD1DD /* Digital_SignatureUITests.swift in Sources */,
			);
			runOnlyForDeploymentPostprocessing = 0;
		};
/* End PBXSourcesBuildPhase section */

/* Begin PBXTargetDependency section */
		4277F80F27BBEF73003DD1DD /* PBXTargetDependency */ = {
			isa = PBXTargetDependency;
			target = 4277F7F627BBEF72003DD1DD /* Digital Signature */;
			targetProxy = 4277F80E27BBEF73003DD1DD /* PBXContainerItemProxy */;
		};
		4277F81927BBEF73003DD1DD /* PBXTargetDependency */ = {
			isa = PBXTargetDependency;
			target = 4277F7F627BBEF72003DD1DD /* Digital Signature */;
			targetProxy = 4277F81827BBEF73003DD1DD /* PBXContainerItemProxy */;
		};
/* End PBXTargetDependency section */

/* Begin PBXVariantGroup section */
		4277F80027BBEF72003DD1DD /* Main.storyboard */ = {
			isa = PBXVariantGroup;
			children = (
				4277F80127BBEF72003DD1DD /* Base */,
			);
			name = Main.storyboard;
			sourceTree = "<group>";
		};
		4277F80527BBEF73003DD1DD /* LaunchScreen.storyboard */ = {
			isa = PBXVariantGroup;
			children = (
				4277F80627BBEF73003DD1DD /* Base */,
			);
			name = LaunchScreen.storyboard;
			sourceTree = "<group>";
		};
/* End PBXVariantGroup section */

/* Begin XCBuildConfiguration section */
		4277F81F27BBEF73003DD1DD /* Debug */ = {
			isa = XCBuildConfiguration;
			buildSettings = {
				ALWAYS_SEARCH_USER_PATHS = NO;
				CLANG_ANALYZER_NONNULL = YES;
				CLANG_ANALYZER_NUMBER_OBJECT_CONVERSION = YES_AGGRESSIVE;
				CLANG_CXX_LANGUAGE_STANDARD = "gnu++17";
				CLANG_CXX_LIBRARY = "libc++";
				CLANG_ENABLE_MODULES = YES;
				CLANG_ENABLE_OBJC_ARC = YES;
				CLANG_ENABLE_OBJC_WEAK = YES;
				CLANG_WARN_BLOCK_CAPTURE_AUTORELEASING = YES;
				CLANG_WARN_BOOL_CONVERSION = YES;
				CLANG_WARN_COMMA = YES;
				CLANG_WARN_CONSTANT_CONVERSION = YES;
				CLANG_WARN_DEPRECATED_OBJC_IMPLEMENTATIONS = YES;
				CLANG_WARN_DIRECT_OBJC_ISA_USAGE = YES_ERROR;
				CLANG_WARN_DOCUMENTATION_COMMENTS = YES;
				CLANG_WARN_EMPTY_BODY = YES;
				CLANG_WARN_ENUM_CONVERSION = YES;
				CLANG_WARN_INFINITE_RECURSION = YES;
				CLANG_WARN_INT_CONVERSION = YES;
				CLANG_WARN_NON_LITERAL_NULL_CONVERSION = YES;
				CLANG_WARN_OBJC_IMPLICIT_RETAIN_SELF = YES;
				CLANG_WARN_OBJC_LITERAL_CONVERSION = YES;
				CLANG_WARN_OBJC_ROOT_CLASS = YES_ERROR;
				CLANG_WARN_QUOTED_INCLUDE_IN_FRAMEWORK_HEADER = YES;
				CLANG_WARN_RANGE_LOOP_ANALYSIS = YES;
				CLANG_WARN_STRICT_PROTOTYPES = YES;
				CLANG_WARN_SUSPICIOUS_MOVE = YES;
				CLANG_WARN_UNGUARDED_AVAILABILITY = YES_AGGRESSIVE;
				CLANG_WARN_UNREACHABLE_CODE = YES;
				CLANG_WARN__DUPLICATE_METHOD_MATCH = YES;
				COPY_PHASE_STRIP = NO;
				DEBUG_INFORMATION_FORMAT = dwarf;
				ENABLE_STRICT_OBJC_MSGSEND = YES;
				ENABLE_TESTABILITY = YES;
				GCC_C_LANGUAGE_STANDARD = gnu11;
				GCC_DYNAMIC_NO_PIC = NO;
				GCC_NO_COMMON_BLOCKS = YES;
				GCC_OPTIMIZATION_LEVEL = 0;
				GCC_PREPROCESSOR_DEFINITIONS = (
					"DEBUG=1",
					"$(inherited)",
				);
				GCC_WARN_64_TO_32_BIT_CONVERSION = YES;
				GCC_WARN_ABOUT_RETURN_TYPE = YES_ERROR;
				GCC_WARN_UNDECLARED_SELECTOR = YES;
				GCC_WARN_UNINITIALIZED_AUTOS = YES_AGGRESSIVE;
				GCC_WARN_UNUSED_FUNCTION = YES;
				GCC_WARN_UNUSED_VARIABLE = YES;
				IPHONEOS_DEPLOYMENT_TARGET = 15.0;
				MTL_ENABLE_DEBUG_INFO = INCLUDE_SOURCE;
				MTL_FAST_MATH = YES;
				ONLY_ACTIVE_ARCH = YES;
				SDKROOT = iphoneos;
				SWIFT_ACTIVE_COMPILATION_CONDITIONS = DEBUG;
				SWIFT_OPTIMIZATION_LEVEL = "-Onone";
			};
			name = Debug;
		};
		4277F82027BBEF73003DD1DD /* Release */ = {
			isa = XCBuildConfiguration;
			buildSettings = {
				ALWAYS_SEARCH_USER_PATHS = NO;
				CLANG_ANALYZER_NONNULL = YES;
				CLANG_ANALYZER_NUMBER_OBJECT_CONVERSION = YES_AGGRESSIVE;
				CLANG_CXX_LANGUAGE_STANDARD = "gnu++17";
				CLANG_CXX_LIBRARY = "libc++";
				CLANG_ENABLE_MODULES = YES;
				CLANG_ENABLE_OBJC_ARC = YES;
				CLANG_ENABLE_OBJC_WEAK = YES;
				CLANG_WARN_BLOCK_CAPTURE_AUTORELEASING = YES;
				CLANG_WARN_BOOL_CONVERSION = YES;
				CLANG_WARN_COMMA = YES;
				CLANG_WARN_CONSTANT_CONVERSION = YES;
				CLANG_WARN_DEPRECATED_OBJC_IMPLEMENTATIONS = YES;
				CLANG_WARN_DIRECT_OBJC_ISA_USAGE = YES_ERROR;
				CLANG_WARN_DOCUMENTATION_COMMENTS = YES;
				CLANG_WARN_EMPTY_BODY = YES;
				CLANG_WARN_ENUM_CONVERSION = YES;
				CLANG_WARN_INFINITE_RECURSION = YES;
				CLANG_WARN_INT_CONVERSION = YES;
				CLANG_WARN_NON_LITERAL_NULL_CONVERSION = YES;
				CLANG_WARN_OBJC_IMPLICIT_RETAIN_SELF = YES;
				CLANG_WARN_OBJC_LITERAL_CONVERSION = YES;
				CLANG_WARN_OBJC_ROOT_CLASS = YES_ERROR;
				CLANG_WARN_QUOTED_INCLUDE_IN_FRAMEWORK_HEADER = YES;
				CLANG_WARN_RANGE_LOOP_ANALYSIS = YES;
				CLANG_WARN_STRICT_PROTOTYPES = YES;
				CLANG_WARN_SUSPICIOUS_MOVE = YES;
				CLANG_WARN_UNGUARDED_AVAILABILITY = YES_AGGRESSIVE;
				CLANG_WARN_UNREACHABLE_CODE = YES;
				CLANG_WARN__DUPLICATE_METHOD_MATCH = YES;
				COPY_PHASE_STRIP = NO;
				DEBUG_INFORMATION_FORMAT = "dwarf-with-dsym";
				ENABLE_NS_ASSERTIONS = NO;
				ENABLE_STRICT_OBJC_MSGSEND = YES;
				GCC_C_LANGUAGE_STANDARD = gnu11;
				GCC_NO_COMMON_BLOCKS = YES;
				GCC_WARN_64_TO_32_BIT_CONVERSION = YES;
				GCC_WARN_ABOUT_RETURN_TYPE = YES_ERROR;
				GCC_WARN_UNDECLARED_SELECTOR = YES;
				GCC_WARN_UNINITIALIZED_AUTOS = YES_AGGRESSIVE;
				GCC_WARN_UNUSED_FUNCTION = YES;
				GCC_WARN_UNUSED_VARIABLE = YES;
				IPHONEOS_DEPLOYMENT_TARGET = 15.0;
				MTL_ENABLE_DEBUG_INFO = NO;
				MTL_FAST_MATH = YES;
				SDKROOT = iphoneos;
				SWIFT_COMPILATION_MODE = wholemodule;
				SWIFT_OPTIMIZATION_LEVEL = "-O";
				VALIDATE_PRODUCT = YES;
			};
			name = Release;
		};
		4277F82227BBEF73003DD1DD /* Debug */ = {
			isa = XCBuildConfiguration;
			buildSettings = {
				ASSETCATALOG_COMPILER_APPICON_NAME = AppIcon;
				ASSETCATALOG_COMPILER_GLOBAL_ACCENT_COLOR_NAME = AccentColor;
				CODE_SIGN_STYLE = Automatic;
				CURRENT_PROJECT_VERSION = 1;
				DEVELOPMENT_TEAM = 5NBUV2UMN5;
				GENERATE_INFOPLIST_FILE = YES;
				INFOPLIST_FILE = "Digital Signature/Info.plist";
				INFOPLIST_KEY_UIApplicationSupportsIndirectInputEvents = YES;
				INFOPLIST_KEY_UILaunchStoryboardName = LaunchScreen;
				INFOPLIST_KEY_UIMainStoryboardFile = Main;
				INFOPLIST_KEY_UISupportedInterfaceOrientations_iPad = "UIInterfaceOrientationPortrait UIInterfaceOrientationPortraitUpsideDown UIInterfaceOrientationLandscapeLeft UIInterfaceOrientationLandscapeRight";
				INFOPLIST_KEY_UISupportedInterfaceOrientations_iPhone = "UIInterfaceOrientationPortrait UIInterfaceOrientationLandscapeLeft UIInterfaceOrientationLandscapeRight";
				LD_RUNPATH_SEARCH_PATHS = (
					"$(inherited)",
					"@executable_path/Frameworks",
				);
				MARKETING_VERSION = 1.0;
				PRODUCT_BUNDLE_IDENTIFIER = "anh.tt.Digital-Signature";
				PRODUCT_NAME = "$(TARGET_NAME)";
				SWIFT_EMIT_LOC_STRINGS = YES;
				SWIFT_VERSION = 5.0;
				TARGETED_DEVICE_FAMILY = "1,2";
			};
			name = Debug;
		};
		4277F82327BBEF73003DD1DD /* Release */ = {
			isa = XCBuildConfiguration;
			buildSettings = {
				ASSETCATALOG_COMPILER_APPICON_NAME = AppIcon;
				ASSETCATALOG_COMPILER_GLOBAL_ACCENT_COLOR_NAME = AccentColor;
				CODE_SIGN_STYLE = Automatic;
				CURRENT_PROJECT_VERSION = 1;
				DEVELOPMENT_TEAM = 5NBUV2UMN5;
				GENERATE_INFOPLIST_FILE = YES;
				INFOPLIST_FILE = "Digital Signature/Info.plist";
				INFOPLIST_KEY_UIApplicationSupportsIndirectInputEvents = YES;
				INFOPLIST_KEY_UILaunchStoryboardName = LaunchScreen;
				INFOPLIST_KEY_UIMainStoryboardFile = Main;
				INFOPLIST_KEY_UISupportedInterfaceOrientations_iPad = "UIInterfaceOrientationPortrait UIInterfaceOrientationPortraitUpsideDown UIInterfaceOrientationLandscapeLeft UIInterfaceOrientationLandscapeRight";
				INFOPLIST_KEY_UISupportedInterfaceOrientations_iPhone = "UIInterfaceOrientationPortrait UIInterfaceOrientationLandscapeLeft UIInterfaceOrientationLandscapeRight";
				LD_RUNPATH_SEARCH_PATHS = (
					"$(inherited)",
					"@executable_path/Frameworks",
				);
				MARKETING_VERSION = 1.0;
				PRODUCT_BUNDLE_IDENTIFIER = "anh.tt.Digital-Signature";
				PRODUCT_NAME = "$(TARGET_NAME)";
				SWIFT_EMIT_LOC_STRINGS = YES;
				SWIFT_VERSION = 5.0;
				TARGETED_DEVICE_FAMILY = "1,2";
			};
			name = Release;
		};
		4277F82527BBEF73003DD1DD /* Debug */ = {
			isa = XCBuildConfiguration;
			buildSettings = {
				ALWAYS_EMBED_SWIFT_STANDARD_LIBRARIES = YES;
				BUNDLE_LOADER = "$(TEST_HOST)";
				CODE_SIGN_STYLE = Automatic;
				CURRENT_PROJECT_VERSION = 1;
				DEVELOPMENT_TEAM = 5NBUV2UMN5;
				GENERATE_INFOPLIST_FILE = YES;
				IPHONEOS_DEPLOYMENT_TARGET = 15.0;
				LD_RUNPATH_SEARCH_PATHS = (
					"$(inherited)",
					"@executable_path/Frameworks",
					"@loader_path/Frameworks",
				);
				MARKETING_VERSION = 1.0;
				PRODUCT_BUNDLE_IDENTIFIER = "anh.tt.Digital-SignatureTests";
				PRODUCT_NAME = "$(TARGET_NAME)";
				SWIFT_EMIT_LOC_STRINGS = NO;
				SWIFT_VERSION = 5.0;
				TARGETED_DEVICE_FAMILY = "1,2";
				TEST_HOST = "$(BUILT_PRODUCTS_DIR)/Digital Signature.app/Digital Signature";
			};
			name = Debug;
		};
		4277F82627BBEF73003DD1DD /* Release */ = {
			isa = XCBuildConfiguration;
			buildSettings = {
				ALWAYS_EMBED_SWIFT_STANDARD_LIBRARIES = YES;
				BUNDLE_LOADER = "$(TEST_HOST)";
				CODE_SIGN_STYLE = Automatic;
				CURRENT_PROJECT_VERSION = 1;
				DEVELOPMENT_TEAM = 5NBUV2UMN5;
				GENERATE_INFOPLIST_FILE = YES;
				IPHONEOS_DEPLOYMENT_TARGET = 15.0;
				LD_RUNPATH_SEARCH_PATHS = (
					"$(inherited)",
					"@executable_path/Frameworks",
					"@loader_path/Frameworks",
				);
				MARKETING_VERSION = 1.0;
				PRODUCT_BUNDLE_IDENTIFIER = "anh.tt.Digital-SignatureTests";
				PRODUCT_NAME = "$(TARGET_NAME)";
				SWIFT_EMIT_LOC_STRINGS = NO;
				SWIFT_VERSION = 5.0;
				TARGETED_DEVICE_FAMILY = "1,2";
				TEST_HOST = "$(BUILT_PRODUCTS_DIR)/Digital Signature.app/Digital Signature";
			};
			name = Release;
		};
		4277F82827BBEF73003DD1DD /* Debug */ = {
			isa = XCBuildConfiguration;
			buildSettings = {
				ALWAYS_EMBED_SWIFT_STANDARD_LIBRARIES = YES;
				CODE_SIGN_STYLE = Automatic;
				CURRENT_PROJECT_VERSION = 1;
				DEVELOPMENT_TEAM = 5NBUV2UMN5;
				GENERATE_INFOPLIST_FILE = YES;
				LD_RUNPATH_SEARCH_PATHS = (
					"$(inherited)",
					"@executable_path/Frameworks",
					"@loader_path/Frameworks",
				);
				MARKETING_VERSION = 1.0;
				PRODUCT_BUNDLE_IDENTIFIER = "anh.tt.Digital-SignatureUITests";
				PRODUCT_NAME = "$(TARGET_NAME)";
				SWIFT_EMIT_LOC_STRINGS = NO;
				SWIFT_VERSION = 5.0;
				TARGETED_DEVICE_FAMILY = "1,2";
				TEST_TARGET_NAME = "Digital Signature";
			};
			name = Debug;
		};
		4277F82927BBEF73003DD1DD /* Release */ = {
			isa = XCBuildConfiguration;
			buildSettings = {
				ALWAYS_EMBED_SWIFT_STANDARD_LIBRARIES = YES;
				CODE_SIGN_STYLE = Automatic;
				CURRENT_PROJECT_VERSION = 1;
				DEVELOPMENT_TEAM = 5NBUV2UMN5;
				GENERATE_INFOPLIST_FILE = YES;
				LD_RUNPATH_SEARCH_PATHS = (
					"$(inherited)",
					"@executable_path/Frameworks",
					"@loader_path/Frameworks",
				);
				MARKETING_VERSION = 1.0;
				PRODUCT_BUNDLE_IDENTIFIER = "anh.tt.Digital-SignatureUITests";
				PRODUCT_NAME = "$(TARGET_NAME)";
				SWIFT_EMIT_LOC_STRINGS = NO;
				SWIFT_VERSION = 5.0;
				TARGETED_DEVICE_FAMILY = "1,2";
				TEST_TARGET_NAME = "Digital Signature";
			};
			name = Release;
		};
/* End XCBuildConfiguration section */

/* Begin XCConfigurationList section */
		4277F7F227BBEF72003DD1DD /* Build configuration list for PBXProject "Digital Signature" */ = {
			isa = XCConfigurationList;
			buildConfigurations = (
				4277F81F27BBEF73003DD1DD /* Debug */,
				4277F82027BBEF73003DD1DD /* Release */,
			);
			defaultConfigurationIsVisible = 0;
			defaultConfigurationName = Release;
		};
		4277F82127BBEF73003DD1DD /* Build configuration list for PBXNativeTarget "Digital Signature" */ = {
			isa = XCConfigurationList;
			buildConfigurations = (
				4277F82227BBEF73003DD1DD /* Debug */,
				4277F82327BBEF73003DD1DD /* Release */,
			);
			defaultConfigurationIsVisible = 0;
			defaultConfigurationName = Release;
		};
		4277F82427BBEF73003DD1DD /* Build configuration list for PBXNativeTarget "Digital SignatureTests" */ = {
			isa = XCConfigurationList;
			buildConfigurations = (
				4277F82527BBEF73003DD1DD /* Debug */,
				4277F82627BBEF73003DD1DD /* Release */,
			);
			defaultConfigurationIsVisible = 0;
			defaultConfigurationName = Release;
		};
		4277F82727BBEF73003DD1DD /* Build configuration list for PBXNativeTarget "Digital SignatureUITests" */ = {
			isa = XCConfigurationList;
			buildConfigurations = (
				4277F82827BBEF73003DD1DD /* Debug */,
				4277F82927BBEF73003DD1DD /* Release */,
			);
			defaultConfigurationIsVisible = 0;
			defaultConfigurationName = Release;
		};
/* End XCConfigurationList section */
	};
	rootObject = 4277F7EF27BBEF72003DD1DD /* Project object */;
}
